
Microsoft Visual Studio Solution File, Format Version 12.00
# Visual Studio Version 17
VisualStudioVersion = 17.12.35514.174 d17.12
MinimumVisualStudioVersion = 10.0.40219.1
Project("{FAE04EC0-301F-11D3-BF4B-00C04F79EFBC}") = "user_services", "user_services.csproj", "{78AD66C0-3292-4B67-A79B-93D0CC14B10A}"
EndProject
Global
	GlobalSection(SolutionConfigurationPlatforms) = preSolution
		Debug|Any CPU = Debug|Any CPU
		Release|Any CPU = Release|Any CPU
	EndGlobalSection
	GlobalSection(ProjectConfigurationPlatforms) = postSolution
		{78AD66C0-3292-4B67-A79B-93D0CC14B10A}.Debug|Any CPU.ActiveCfg = Debug|Any CPU
		{78AD66C0-3292-4B67-A79B-93D0CC14B10A}.Debug|Any CPU.Build.0 = Debug|Any CPU
		{78AD66C0-3292-4B67-A79B-93D0CC14B10A}.Release|Any CPU.ActiveCfg = Release|Any CPU
		{78AD66C0-3292-4B67-A79B-93D0CC14B10A}.Release|Any CPU.Build.0 = Release|Any CPU
	EndGlobalSection
	GlobalSection(SolutionProperties) = preSolution
		HideSolutionNode = FALSE
	EndGlobalSection
EndGlobal
